
Microsoft Visual Studio Solution File, Format Version 12.00
# Visual Studio Version 16
VisualStudioVersion = 16.0.31105.61
MinimumVisualStudioVersion = 10.0.40219.1
Project("{FAE04EC0-301F-11D3-BF4B-00C04F79EFBC}") = "Senai_Filmes_WebApi", "Senai_Filmes_WebApi\Senai_Filmes_WebApi.csproj", "{1EB5C656-B014-44BB-BD5D-AF06320974D6}"
EndProject
Global
	GlobalSection(SolutionConfigurationPlatforms) = preSolution
		Debug|Any CPU = Debug|Any CPU
		Release|Any CPU = Release|Any CPU
	EndGlobalSection
	GlobalSection(ProjectConfigurationPlatforms) = postSolution
		{1EB5C656-B014-44BB-BD5D-AF06320974D6}.Debug|Any CPU.ActiveCfg = Debug|Any CPU
		{1EB5C656-B014-44BB-BD5D-AF06320974D6}.Debug|Any CPU.Build.0 = Debug|Any CPU
		{1EB5C656-B014-44BB-BD5D-AF06320974D6}.Release|Any CPU.ActiveCfg = Release|Any CPU
		{1EB5C656-B014-44BB-BD5D-AF06320974D6}.Release|Any CPU.Build.0 = Release|Any CPU
	EndGlobalSection
	GlobalSection(SolutionProperties) = preSolution
		HideSolutionNode = FALSE
	EndGlobalSection
	GlobalSection(ExtensibilityGlobals) = postSolution
		SolutionGuid = {5C1D1E5C-3B8A-46FE-8D19-3EDC0F426A9F}
	EndGlobalSection
EndGlobal
